{
    "_meta": {
        "hash": {
            "sha256": "898d34ad784f892189676e500ebe03e4d80763a91372f71f6f98fc1d6bd70494"
        },
        "pipfile-spec": 6,
        "requires": {
            "python_version": "3.12"
        },
        "sources": [
            {
                "name": "pip_conf_index_global",
                "url": "https://pypi.tuna.tsinghua.edu.cn/simple",
                "verify_ssl": true
            }
        ]
    },
    "default": {},
    "develop": {}
}
